<?xml version="1.0" encoding="utf-8"?>
<Project ToolsVersion="4.0" xmlns="http://schemas.microsoft.com/developer/msbuild/2003">
  <ItemGroup>
    <Filter Include="Source Files">
      <UniqueIdentifier>{41fe5e10-cadb-46d1-a7d6-deebb363403c}</UniqueIdentifier>
      <Extensions>cpp;c;cxx;rc;def;r;odl;hpj;bat;for;f90</Extensions>
    </Filter>
    <Filter Include="Header Files">
      <UniqueIdentifier>{c9a34e9c-f463-4e7f-b3a3-c3e6361e985b}</UniqueIdentifier>
      <Extensions>h;hpp;hxx;hm;inl;fi;fd</Extensions>
    </Filter>
    <Filter Include="Resource Files">
      <UniqueIdentifier>{303ae196-badc-4f49-a754-908633d6662a}</UniqueIdentifier>
      <Extensions>ico;cur;bmp;dlg;rc2;rct;bin;cnt;rtf;gif;jpg;jpeg;jpe</Extensions>
    </Filter>
  </ItemGroup>
  <ItemGroup>
    <ClCompile Include="gl_cin.c">
      <Filter>Source Files</Filter>
    </ClCompile>
    <ClCompile Include="gl_draw.c">
      <Filter>Source Files</Filter>
    </ClCompile>
    <ClCompile Include="gl_image.c">
      <Filter>Source Files</Filter>
    </ClCompile>
    <ClCompile Include="gl_light.c">
      <Filter>Source Files</Filter>
    </ClCompile>
    <ClCompile Include="gl_mesh.c">
      <Filter>Source Files</Filter>
    </ClCompile>
    <ClCompile Include="gl_model.c">
      <Filter>Source Files</Filter>
    </ClCompile>
    <ClCompile Include="gl_rmain.c">
      <Filter>Source Files</Filter>
    </ClCompile>
    <ClCompile Include="gl_rmisc.c">
      <Filter>Source Files</Filter>
    </ClCompile>
    <ClCompile Include="gl_rsurf.c">
      <Filter>Source Files</Filter>
    </ClCompile>
    <ClCompile Include="gl_script.c">
      <Filter>Source Files</Filter>
    </ClCompile>
    <ClCompile Include="gl_vlights.c">
      <Filter>Source Files</Filter>
    </ClCompile>
    <ClCompile Include="gl_warp.c">
      <Filter>Source Files</Filter>
    </ClCompile>
    <ClCompile Include="..\win32\glw_imp.c">
      <Filter>Source Files</Filter>
    </ClCompile>
    <ClCompile Include="..\game\q_shared.c">
      <Filter>Source Files</Filter>
    </ClCompile>
    <ClCompile Include="..\win32\q_shwin.c">
      <Filter>Source Files</Filter>
    </ClCompile>
    <ClCompile Include="..\win32\qgl_win.c">
      <Filter>Source Files</Filter>
    </ClCompile>
    <ClCompile Include="r_bloom.c">
      <Filter>Source Files</Filter>
    </ClCompile>
    <ClCompile Include="sul_png.c">
      <Filter>Source Files</Filter>
    </ClCompile>
  </ItemGroup>
  <ItemGroup>
    <ClInclude Include="anorms.h">
      <Filter>Header Files</Filter>
    </ClInclude>
    <ClInclude Include="anormtab.h">
      <Filter>Header Files</Filter>
    </ClInclude>
    <ClInclude Include="gl_cin.h">
      <Filter>Header Files</Filter>
    </ClInclude>
    <ClInclude Include="gl_local.h">
      <Filter>Header Files</Filter>
    </ClInclude>
    <ClInclude Include="gl_model.h">
      <Filter>Header Files</Filter>
    </ClInclude>
    <ClInclude Include="gl_script.h">
      <Filter>Header Files</Filter>
    </ClInclude>
    <ClInclude Include="..\win32\glw_win.h">
      <Filter>Header Files</Filter>
    </ClInclude>
    <ClInclude Include="jconfig.h">
      <Filter>Header Files</Filter>
    </ClInclude>
    <ClInclude Include="jmorecfg.h">
      <Filter>Header Files</Filter>
    </ClInclude>
    <ClInclude Include="jpeglib.h">
      <Filter>Header Files</Filter>
    </ClInclude>
    <ClInclude Include="..\game\q_shared.h">
      <Filter>Header Files</Filter>
    </ClInclude>
    <ClInclude Include="..\qcommon\qcommon.h">
      <Filter>Header Files</Filter>
    </ClInclude>
    <ClInclude Include="..\qcommon\qfiles.h">
      <Filter>Header Files</Filter>
    </ClInclude>
    <ClInclude Include="qgl.h">
      <Filter>Header Files</Filter>
    </ClInclude>
    <ClInclude Include="..\client\ref.h">
      <Filter>Header Files</Filter>
    </ClInclude>
    <ClInclude Include="vlights.h">
      <Filter>Header Files</Filter>
    </ClInclude>
    <ClInclude Include="warpsin.h">
      <Filter>Header Files</Filter>
    </ClInclude>
    <ClInclude Include="..\win32\winquake.h">
      <Filter>Header Files</Filter>
    </ClInclude>
  </ItemGroup>
  <ItemGroup>
    <Library Include="GLU32.LIB">
      <Filter>Resource Files</Filter>
    </Library>
    <Library Include="libjpeg.lib">
      <Filter>Resource Files</Filter>
    </Library>
    <Library Include="..\lib\libpng3.lib">
      <Filter>Resource Files</Filter>
    </Library>
    <Library Include="..\lib\zlib.lib">
      <Filter>Resource Files</Filter>
    </Library>
  </ItemGroup>
  <ItemGroup>
    <None Include="ref_gl.def">
      <Filter>Resource Files</Filter>
    </None>
  </ItemGroup>
</Project>