<?xml version="1.0" encoding="utf-8"?>
<Project ToolsVersion="4.0" xmlns="http://schemas.microsoft.com/developer/msbuild/2003">
  <ItemGroup>
    <Filter Include="Source Files">
      <UniqueIdentifier>{792b6745-879c-4ee9-b401-e287de069341}</UniqueIdentifier>
      <Extensions>cpp;c;cxx;rc;def;r;odl;idl;hpj;bat</Extensions>
    </Filter>
    <Filter Include="Header Files">
      <UniqueIdentifier>{b36f03ac-9fbf-4c12-8835-2e4617b29aab}</UniqueIdentifier>
      <Extensions>h;hpp;hxx;hm;inl</Extensions>
    </Filter>
    <Filter Include="Resource Files">
      <UniqueIdentifier>{f60607e9-c861-43e5-8a71-d75161a184e1}</UniqueIdentifier>
      <Extensions>ico;cur;bmp;dlg;rc2;rct;bin;rgs;gif;jpg;jpeg;jpe</Extensions>
    </Filter>
  </ItemGroup>
  <ItemGroup>
    <ClCompile Include="cl_cvar.c">
      <Filter>Source Files</Filter>
    </ClCompile>
    <ClCompile Include="cl_ents.c">
      <Filter>Source Files</Filter>
    </ClCompile>
    <ClCompile Include="cl_ents_cl.c">
      <Filter>Source Files</Filter>
    </ClCompile>
    <ClCompile Include="cl_ents_sv.c">
      <Filter>Source Files</Filter>
    </ClCompile>
    <ClCompile Include="cl_hud.c">
      <Filter>Source Files</Filter>
    </ClCompile>
    <ClCompile Include="cl_menu.c">
      <Filter>Source Files</Filter>
    </ClCompile>
    <ClCompile Include="cl_particles.c">
      <Filter>Source Files</Filter>
    </ClCompile>
    <ClCompile Include="cl_tempevt.c">
      <Filter>Source Files</Filter>
    </ClCompile>
    <ClCompile Include="main.c">
      <Filter>Source Files</Filter>
    </ClCompile>
  </ItemGroup>
  <ItemGroup>
    <ClInclude Include="client.h">
      <Filter>Header Files</Filter>
    </ClInclude>
  </ItemGroup>
  <ItemGroup>
    <None Include="client_side.def">
      <Filter>Resource Files</Filter>
    </None>
  </ItemGroup>
</Project>